
Microsoft Visual Studio Solution File, Format Version 12.00
# Visual Studio Version 17
VisualStudioVersion = 17.1.32210.238
MinimumVisualStudioVersion = 10.0.40219.1
Project("{FAE04EC0-301F-11D3-BF4B-00C04F79EFBC}") = "UseCase-3-Line-Compairing-less-great", "UseCase-3-Line-Compairing-less-great\UseCase-3-Line-Compairing-less-great.csproj", "{662F401D-5386-4324-A14A-6FFAFE1667D7}"
EndProject
Global
	GlobalSection(SolutionConfigurationPlatforms) = preSolution
		Debug|Any CPU = Debug|Any CPU
		Release|Any CPU = Release|Any CPU
	EndGlobalSection
	GlobalSection(ProjectConfigurationPlatforms) = postSolution
		{662F401D-5386-4324-A14A-6FFAFE1667D7}.Debug|Any CPU.ActiveCfg = Debug|Any CPU
		{662F401D-5386-4324-A14A-6FFAFE1667D7}.Debug|Any CPU.Build.0 = Debug|Any CPU
		{662F401D-5386-4324-A14A-6FFAFE1667D7}.Release|Any CPU.ActiveCfg = Release|Any CPU
		{662F401D-5386-4324-A14A-6FFAFE1667D7}.Release|Any CPU.Build.0 = Release|Any CPU
	EndGlobalSection
	GlobalSection(SolutionProperties) = preSolution
		HideSolutionNode = FALSE
	EndGlobalSection
	GlobalSection(ExtensibilityGlobals) = postSolution
		SolutionGuid = {E76D8212-DC10-4958-8712-078D64C6176A}
	EndGlobalSection
EndGlobal
